
Microsoft Visual Studio Solution File, Format Version 12.00
# Visual Studio Version 16
VisualStudioVersion = 16.0.28803.156
MinimumVisualStudioVersion = 10.0.40219.1
Project("{8BC9CEB8-8B4A-11D0-8D11-00A0C91BC942}") = "ASyncQueue", "ASyncQueue\ASyncQueue.vcxproj", "{99CDB35A-DD44-41FA-919D-F832614A9A71}"
EndProject
Project("{2150E333-8FDC-42A3-9474-1A3956D46DE8}") = "Solution Items", "Solution Items", "{AF7A1853-9760-4EF8-BAAA-A18D1BECE81E}"
	ProjectSection(SolutionItems) = preProject
		ConcurrentProgrammingModules\CommonHeader.h = ConcurrentProgrammingModules\CommonHeader.h
		ConcurrentProgrammingModules\ObjectPool.h = ConcurrentProgrammingModules\ObjectPool.h
		ConcurrentProgrammingModules\Singleton.h = ConcurrentProgrammingModules\Singleton.h
	EndProjectSection
EndProject
Project("{8BC9CEB8-8B4A-11D0-8D11-00A0C91BC942}") = "Scheduler", "Scheduler\Scheduler.vcxproj", "{AAD16611-9235-41A6-8224-667361FA53B0}"
EndProject
Project("{8BC9CEB8-8B4A-11D0-8D11-00A0C91BC942}") = "DeadLock Checker", "DeadLock Checker\DeadLock Checker.vcxproj", "{3C34D7A3-97CB-44BA-B3CF-7831F40C92EF}"
EndProject
Project("{8BC9CEB8-8B4A-11D0-8D11-00A0C91BC942}") = "LRUCache", "LRUCache\LRUCache.vcxproj", "{FB9B13BE-63E7-4D97-993F-0950FE49062E}"
EndProject
Project("{8BC9CEB8-8B4A-11D0-8D11-00A0C91BC942}") = "DoublyQueue", "DoublyQueue\DoublyQueue.vcxproj", "{0C5C0F30-9644-482C-89C0-C452EA86CAF6}"
EndProject
Project("{8BC9CEB8-8B4A-11D0-8D11-00A0C91BC942}") = "MemoryStream", "MemoryStream\MemoryStream.vcxproj", "{FECC4286-F1B9-4604-9577-E703935F5B80}"
EndProject
Project("{8BC9CEB8-8B4A-11D0-8D11-00A0C91BC942}") = "ODBC", "ODBC\ODBC.vcxproj", "{8658A218-5226-4CE4-8DE6-9CC4C7627E56}"
EndProject
Project("{2150E333-8FDC-42A3-9474-1A3956D46DE8}") = "Data Structure", "Data Structure", "{5B1F7926-F94C-4668-BCCC-C07301B78397}"
EndProject
Project("{2150E333-8FDC-42A3-9474-1A3956D46DE8}") = "Util", "Util", "{2ED320A5-40ED-411A-A405-69E6583DBD21}"
EndProject
Project("{8BC9CEB8-8B4A-11D0-8D11-00A0C91BC942}") = "MiniDump", "MiniDump\MiniDump.vcxproj", "{FEFFF5FF-12FE-4033-B004-9471E4EA9EFC}"
EndProject
Project("{8BC9CEB8-8B4A-11D0-8D11-00A0C91BC942}") = "Timing", "Timing\Timing.vcxproj", "{8C4ACCC6-E1A8-414C-9113-E77904494B58}"
EndProject
Project("{8BC9CEB8-8B4A-11D0-8D11-00A0C91BC942}") = "Exception", "Exception\Exception.vcxproj", "{D14F9608-3C4F-4040-AF48-EE2BBA2D2A48}"
EndProject
Project("{8BC9CEB8-8B4A-11D0-8D11-00A0C91BC942}") = "TaskManager", "TaskManager\TaskManager.vcxproj", "{0D3FA4AA-CDBF-4124-ACD9-3CD330EBD1CF}"
EndProject
Project("{8BC9CEB8-8B4A-11D0-8D11-00A0C91BC942}") = "MuteNet", "MuteNet\MuteNet.vcxproj", "{11FFBD58-3F37-4BDE-8E98-623DC8B761FF}"
EndProject
Project("{8BC9CEB8-8B4A-11D0-8D11-00A0C91BC942}") = "StateMachine", "StateMachine\StateMachine.vcxproj", "{29974077-CDF2-4E28-AD9F-25A7752F619E}"
EndProject
Global
	GlobalSection(SolutionConfigurationPlatforms) = preSolution
		Debug|x64 = Debug|x64
		Debug|x86 = Debug|x86
		Release|x64 = Release|x64
		Release|x86 = Release|x86
	EndGlobalSection
	GlobalSection(ProjectConfigurationPlatforms) = postSolution
		{99CDB35A-DD44-41FA-919D-F832614A9A71}.Debug|x64.ActiveCfg = Debug|x64
		{99CDB35A-DD44-41FA-919D-F832614A9A71}.Debug|x64.Build.0 = Debug|x64
		{99CDB35A-DD44-41FA-919D-F832614A9A71}.Debug|x86.ActiveCfg = Debug|Win32
		{99CDB35A-DD44-41FA-919D-F832614A9A71}.Debug|x86.Build.0 = Debug|Win32
		{99CDB35A-DD44-41FA-919D-F832614A9A71}.Release|x64.ActiveCfg = Release|x64
		{99CDB35A-DD44-41FA-919D-F832614A9A71}.Release|x64.Build.0 = Release|x64
		{99CDB35A-DD44-41FA-919D-F832614A9A71}.Release|x86.ActiveCfg = Release|Win32
		{99CDB35A-DD44-41FA-919D-F832614A9A71}.Release|x86.Build.0 = Release|Win32
		{AAD16611-9235-41A6-8224-667361FA53B0}.Debug|x64.ActiveCfg = Debug|x64
		{AAD16611-9235-41A6-8224-667361FA53B0}.Debug|x64.Build.0 = Debug|x64
		{AAD16611-9235-41A6-8224-667361FA53B0}.Debug|x86.ActiveCfg = Debug|Win32
		{AAD16611-9235-41A6-8224-667361FA53B0}.Debug|x86.Build.0 = Debug|Win32
		{AAD16611-9235-41A6-8224-667361FA53B0}.Release|x64.ActiveCfg = Release|x64
		{AAD16611-9235-41A6-8224-667361FA53B0}.Release|x64.Build.0 = Release|x64
		{AAD16611-9235-41A6-8224-667361FA53B0}.Release|x86.ActiveCfg = Release|Win32
		{AAD16611-9235-41A6-8224-667361FA53B0}.Release|x86.Build.0 = Release|Win32
		{3C34D7A3-97CB-44BA-B3CF-7831F40C92EF}.Debug|x64.ActiveCfg = Debug|x64
		{3C34D7A3-97CB-44BA-B3CF-7831F40C92EF}.Debug|x64.Build.0 = Debug|x64
		{3C34D7A3-97CB-44BA-B3CF-7831F40C92EF}.Debug|x86.ActiveCfg = Debug|Win32
		{3C34D7A3-97CB-44BA-B3CF-7831F40C92EF}.Debug|x86.Build.0 = Debug|Win32
		{3C34D7A3-97CB-44BA-B3CF-7831F40C92EF}.Release|x64.ActiveCfg = Release|x64
		{3C34D7A3-97CB-44BA-B3CF-7831F40C92EF}.Release|x64.Build.0 = Release|x64
		{3C34D7A3-97CB-44BA-B3CF-7831F40C92EF}.Release|x86.ActiveCfg = Release|Win32
		{3C34D7A3-97CB-44BA-B3CF-7831F40C92EF}.Release|x86.Build.0 = Release|Win32
		{FB9B13BE-63E7-4D97-993F-0950FE49062E}.Debug|x64.ActiveCfg = Debug|x64
		{FB9B13BE-63E7-4D97-993F-0950FE49062E}.Debug|x64.Build.0 = Debug|x64
		{FB9B13BE-63E7-4D97-993F-0950FE49062E}.Debug|x86.ActiveCfg = Debug|Win32
		{FB9B13BE-63E7-4D97-993F-0950FE49062E}.Debug|x86.Build.0 = Debug|Win32
		{FB9B13BE-63E7-4D97-993F-0950FE49062E}.Release|x64.ActiveCfg = Release|x64
		{FB9B13BE-63E7-4D97-993F-0950FE49062E}.Release|x64.Build.0 = Release|x64
		{FB9B13BE-63E7-4D97-993F-0950FE49062E}.Release|x86.ActiveCfg = Release|Win32
		{FB9B13BE-63E7-4D97-993F-0950FE49062E}.Release|x86.Build.0 = Release|Win32
		{0C5C0F30-9644-482C-89C0-C452EA86CAF6}.Debug|x64.ActiveCfg = Debug|x64
		{0C5C0F30-9644-482C-89C0-C452EA86CAF6}.Debug|x64.Build.0 = Debug|x64
		{0C5C0F30-9644-482C-89C0-C452EA86CAF6}.Debug|x86.ActiveCfg = Debug|Win32
		{0C5C0F30-9644-482C-89C0-C452EA86CAF6}.Debug|x86.Build.0 = Debug|Win32
		{0C5C0F30-9644-482C-89C0-C452EA86CAF6}.Release|x64.ActiveCfg = Release|x64
		{0C5C0F30-9644-482C-89C0-C452EA86CAF6}.Release|x64.Build.0 = Release|x64
		{0C5C0F30-9644-482C-89C0-C452EA86CAF6}.Release|x86.ActiveCfg = Release|Win32
		{0C5C0F30-9644-482C-89C0-C452EA86CAF6}.Release|x86.Build.0 = Release|Win32
		{FECC4286-F1B9-4604-9577-E703935F5B80}.Debug|x64.ActiveCfg = Debug|x64
		{FECC4286-F1B9-4604-9577-E703935F5B80}.Debug|x64.Build.0 = Debug|x64
		{FECC4286-F1B9-4604-9577-E703935F5B80}.Debug|x86.ActiveCfg = Debug|Win32
		{FECC4286-F1B9-4604-9577-E703935F5B80}.Debug|x86.Build.0 = Debug|Win32
		{FECC4286-F1B9-4604-9577-E703935F5B80}.Release|x64.ActiveCfg = Release|x64
		{FECC4286-F1B9-4604-9577-E703935F5B80}.Release|x64.Build.0 = Release|x64
		{FECC4286-F1B9-4604-9577-E703935F5B80}.Release|x86.ActiveCfg = Release|Win32
		{FECC4286-F1B9-4604-9577-E703935F5B80}.Release|x86.Build.0 = Release|Win32
		{8658A218-5226-4CE4-8DE6-9CC4C7627E56}.Debug|x64.ActiveCfg = Debug|x64
		{8658A218-5226-4CE4-8DE6-9CC4C7627E56}.Debug|x64.Build.0 = Debug|x64
		{8658A218-5226-4CE4-8DE6-9CC4C7627E56}.Debug|x86.ActiveCfg = Debug|Win32
		{8658A218-5226-4CE4-8DE6-9CC4C7627E56}.Debug|x86.Build.0 = Debug|Win32
		{8658A218-5226-4CE4-8DE6-9CC4C7627E56}.Release|x64.ActiveCfg = Release|x64
		{8658A218-5226-4CE4-8DE6-9CC4C7627E56}.Release|x64.Build.0 = Release|x64
		{8658A218-5226-4CE4-8DE6-9CC4C7627E56}.Release|x86.ActiveCfg = Release|Win32
		{8658A218-5226-4CE4-8DE6-9CC4C7627E56}.Release|x86.Build.0 = Release|Win32
		{FEFFF5FF-12FE-4033-B004-9471E4EA9EFC}.Debug|x64.ActiveCfg = Debug|x64
		{FEFFF5FF-12FE-4033-B004-9471E4EA9EFC}.Debug|x64.Build.0 = Debug|x64
		{FEFFF5FF-12FE-4033-B004-9471E4EA9EFC}.Debug|x86.ActiveCfg = Debug|Win32
		{FEFFF5FF-12FE-4033-B004-9471E4EA9EFC}.Debug|x86.Build.0 = Debug|Win32
		{FEFFF5FF-12FE-4033-B004-9471E4EA9EFC}.Release|x64.ActiveCfg = Release|x64
		{FEFFF5FF-12FE-4033-B004-9471E4EA9EFC}.Release|x64.Build.0 = Release|x64
		{FEFFF5FF-12FE-4033-B004-9471E4EA9EFC}.Release|x86.ActiveCfg = Release|Win32
		{FEFFF5FF-12FE-4033-B004-9471E4EA9EFC}.Release|x86.Build.0 = Release|Win32
		{8C4ACCC6-E1A8-414C-9113-E77904494B58}.Debug|x64.ActiveCfg = Debug|x64
		{8C4ACCC6-E1A8-414C-9113-E77904494B58}.Debug|x64.Build.0 = Debug|x64
		{8C4ACCC6-E1A8-414C-9113-E77904494B58}.Debug|x86.ActiveCfg = Debug|Win32
		{8C4ACCC6-E1A8-414C-9113-E77904494B58}.Debug|x86.Build.0 = Debug|Win32
		{8C4ACCC6-E1A8-414C-9113-E77904494B58}.Release|x64.ActiveCfg = Release|x64
		{8C4ACCC6-E1A8-414C-9113-E77904494B58}.Release|x64.Build.0 = Release|x64
		{8C4ACCC6-E1A8-414C-9113-E77904494B58}.Release|x86.ActiveCfg = Release|Win32
		{8C4ACCC6-E1A8-414C-9113-E77904494B58}.Release|x86.Build.0 = Release|Win32
		{D14F9608-3C4F-4040-AF48-EE2BBA2D2A48}.Debug|x64.ActiveCfg = Debug|x64
		{D14F9608-3C4F-4040-AF48-EE2BBA2D2A48}.Debug|x64.Build.0 = Debug|x64
		{D14F9608-3C4F-4040-AF48-EE2BBA2D2A48}.Debug|x86.ActiveCfg = Debug|Win32
		{D14F9608-3C4F-4040-AF48-EE2BBA2D2A48}.Debug|x86.Build.0 = Debug|Win32
		{D14F9608-3C4F-4040-AF48-EE2BBA2D2A48}.Release|x64.ActiveCfg = Release|x64
		{D14F9608-3C4F-4040-AF48-EE2BBA2D2A48}.Release|x64.Build.0 = Release|x64
		{D14F9608-3C4F-4040-AF48-EE2BBA2D2A48}.Release|x86.ActiveCfg = Release|Win32
		{D14F9608-3C4F-4040-AF48-EE2BBA2D2A48}.Release|x86.Build.0 = Release|Win32
		{0D3FA4AA-CDBF-4124-ACD9-3CD330EBD1CF}.Debug|x64.ActiveCfg = Debug|x64
		{0D3FA4AA-CDBF-4124-ACD9-3CD330EBD1CF}.Debug|x64.Build.0 = Debug|x64
		{0D3FA4AA-CDBF-4124-ACD9-3CD330EBD1CF}.Debug|x86.ActiveCfg = Debug|Win32
		{0D3FA4AA-CDBF-4124-ACD9-3CD330EBD1CF}.Debug|x86.Build.0 = Debug|Win32
		{0D3FA4AA-CDBF-4124-ACD9-3CD330EBD1CF}.Release|x64.ActiveCfg = Release|x64
		{0D3FA4AA-CDBF-4124-ACD9-3CD330EBD1CF}.Release|x64.Build.0 = Release|x64
		{0D3FA4AA-CDBF-4124-ACD9-3CD330EBD1CF}.Release|x86.ActiveCfg = Release|Win32
		{0D3FA4AA-CDBF-4124-ACD9-3CD330EBD1CF}.Release|x86.Build.0 = Release|Win32
		{11FFBD58-3F37-4BDE-8E98-623DC8B761FF}.Debug|x64.ActiveCfg = Debug|x64
		{11FFBD58-3F37-4BDE-8E98-623DC8B761FF}.Debug|x64.Build.0 = Debug|x64
		{11FFBD58-3F37-4BDE-8E98-623DC8B761FF}.Debug|x86.ActiveCfg = Debug|Win32
		{11FFBD58-3F37-4BDE-8E98-623DC8B761FF}.Debug|x86.Build.0 = Debug|Win32
		{11FFBD58-3F37-4BDE-8E98-623DC8B761FF}.Release|x64.ActiveCfg = Release|x64
		{11FFBD58-3F37-4BDE-8E98-623DC8B761FF}.Release|x64.Build.0 = Release|x64
		{11FFBD58-3F37-4BDE-8E98-623DC8B761FF}.Release|x86.ActiveCfg = Release|Win32
		{11FFBD58-3F37-4BDE-8E98-623DC8B761FF}.Release|x86.Build.0 = Release|Win32
		{29974077-CDF2-4E28-AD9F-25A7752F619E}.Debug|x64.ActiveCfg = Debug|x64
		{29974077-CDF2-4E28-AD9F-25A7752F619E}.Debug|x64.Build.0 = Debug|x64
		{29974077-CDF2-4E28-AD9F-25A7752F619E}.Debug|x86.ActiveCfg = Debug|Win32
		{29974077-CDF2-4E28-AD9F-25A7752F619E}.Debug|x86.Build.0 = Debug|Win32
		{29974077-CDF2-4E28-AD9F-25A7752F619E}.Release|x64.ActiveCfg = Release|x64
		{29974077-CDF2-4E28-AD9F-25A7752F619E}.Release|x64.Build.0 = Release|x64
		{29974077-CDF2-4E28-AD9F-25A7752F619E}.Release|x86.ActiveCfg = Release|Win32
		{29974077-CDF2-4E28-AD9F-25A7752F619E}.Release|x86.Build.0 = Release|Win32
	EndGlobalSection
	GlobalSection(SolutionProperties) = preSolution
		HideSolutionNode = FALSE
	EndGlobalSection
	GlobalSection(NestedProjects) = preSolution
		{99CDB35A-DD44-41FA-919D-F832614A9A71} = {5B1F7926-F94C-4668-BCCC-C07301B78397}
		{AAD16611-9235-41A6-8224-667361FA53B0} = {2ED320A5-40ED-411A-A405-69E6583DBD21}
		{3C34D7A3-97CB-44BA-B3CF-7831F40C92EF} = {2ED320A5-40ED-411A-A405-69E6583DBD21}
		{FB9B13BE-63E7-4D97-993F-0950FE49062E} = {5B1F7926-F94C-4668-BCCC-C07301B78397}
		{0C5C0F30-9644-482C-89C0-C452EA86CAF6} = {5B1F7926-F94C-4668-BCCC-C07301B78397}
		{FECC4286-F1B9-4604-9577-E703935F5B80} = {5B1F7926-F94C-4668-BCCC-C07301B78397}
		{8658A218-5226-4CE4-8DE6-9CC4C7627E56} = {2ED320A5-40ED-411A-A405-69E6583DBD21}
		{FEFFF5FF-12FE-4033-B004-9471E4EA9EFC} = {2ED320A5-40ED-411A-A405-69E6583DBD21}
		{8C4ACCC6-E1A8-414C-9113-E77904494B58} = {2ED320A5-40ED-411A-A405-69E6583DBD21}
		{D14F9608-3C4F-4040-AF48-EE2BBA2D2A48} = {2ED320A5-40ED-411A-A405-69E6583DBD21}
		{0D3FA4AA-CDBF-4124-ACD9-3CD330EBD1CF} = {2ED320A5-40ED-411A-A405-69E6583DBD21}
		{29974077-CDF2-4E28-AD9F-25A7752F619E} = {2ED320A5-40ED-411A-A405-69E6583DBD21}
	EndGlobalSection
	GlobalSection(ExtensibilityGlobals) = postSolution
		SolutionGuid = {D25AF9E2-BF7D-4AE6-A886-248432729C8D}
	EndGlobalSection
EndGlobal
