<?xml version="1.0" encoding="utf-8"?>
<Project ToolsVersion="4.0" xmlns="http://schemas.microsoft.com/developer/msbuild/2003">
  <ItemGroup>
    <Filter Include="Event">
      <UniqueIdentifier>{72beca7b-b3ae-46c3-b74e-81dbd5b37840}</UniqueIdentifier>
    </Filter>
    <Filter Include="Exception">
      <UniqueIdentifier>{a566322b-02e6-490c-9224-6abead256a8f}</UniqueIdentifier>
    </Filter>
    <Filter Include="Logger">
      <UniqueIdentifier>{205dcb7e-132d-4170-b7c5-8d661f2aa5af}</UniqueIdentifier>
    </Filter>
    <Filter Include="MiniDump">
      <UniqueIdentifier>{8ff36bfc-4a24-43da-921f-351bba9c95e8}</UniqueIdentifier>
    </Filter>
    <Filter Include="ObjectPool">
      <UniqueIdentifier>{d99c61a5-2af0-45e6-a1b4-bcdec88da178}</UniqueIdentifier>
    </Filter>
    <Filter Include="Singleton">
      <UniqueIdentifier>{3bb79fbe-b0cd-42ee-b604-11b4acd5b6d3}</UniqueIdentifier>
    </Filter>
    <Filter Include="TaskManager">
      <UniqueIdentifier>{58e06975-e7a5-4174-899e-e444e2112931}</UniqueIdentifier>
    </Filter>
    <Filter Include="Thread">
      <UniqueIdentifier>{2122fdf3-07cd-49a3-b3c9-7936418c06c4}</UniqueIdentifier>
    </Filter>
    <Filter Include="Processes">
      <UniqueIdentifier>{5d136d87-ffc1-4353-bb69-ffc99c0219a9}</UniqueIdentifier>
    </Filter>
    <Filter Include="LockFreeAlgorithm">
      <UniqueIdentifier>{a3c796aa-a2a3-4475-8072-be11afe74d7a}</UniqueIdentifier>
    </Filter>
    <Filter Include="Property">
      <UniqueIdentifier>{2ab45e03-dc57-40e3-bd1d-660bca5147ef}</UniqueIdentifier>
    </Filter>
    <Filter Include="Timing">
      <UniqueIdentifier>{1c0e04e5-22be-483c-bef5-ae8e7b24c024}</UniqueIdentifier>
    </Filter>
    <Filter Include="CompareAndSwap">
      <UniqueIdentifier>{99e79d49-9883-4e04-b2c2-2f27eb89b31a}</UniqueIdentifier>
    </Filter>
    <Filter Include="Random">
      <UniqueIdentifier>{8b822a8a-1eed-41e8-b196-60cb241d6fab}</UniqueIdentifier>
    </Filter>
  </ItemGroup>
  <ItemGroup>
    <ClCompile Include="Thread.cpp">
      <Filter>Thread</Filter>
    </ClCompile>
    <ClCompile Include="Event.cpp">
      <Filter>Event</Filter>
    </ClCompile>
    <ClCompile Include="Task.cpp">
      <Filter>TaskManager</Filter>
    </ClCompile>
    <ClCompile Include="TaskAgent.cpp">
      <Filter>TaskManager</Filter>
    </ClCompile>
    <ClCompile Include="TaskManager.cpp">
      <Filter>TaskManager</Filter>
    </ClCompile>
    <ClCompile Include="Singleton.hpp">
      <Filter>Singleton</Filter>
    </ClCompile>
    <ClCompile Include="MiniDump.hpp">
      <Filter>MiniDump</Filter>
    </ClCompile>
    <ClCompile Include="ConsolePrinter.hpp">
      <Filter>Logger</Filter>
    </ClCompile>
    <ClCompile Include="time.cpp">
      <Filter>Timing</Filter>
    </ClCompile>
    <ClCompile Include="RandomGenerator.cpp">
      <Filter>Random</Filter>
    </ClCompile>
  </ItemGroup>
  <ItemGroup>
    <ClInclude Include="Thread.h">
      <Filter>Thread</Filter>
    </ClInclude>
    <ClInclude Include="Event.h">
      <Filter>Event</Filter>
    </ClInclude>
    <ClInclude Include="MiniDump.h">
      <Filter>MiniDump</Filter>
    </ClInclude>
    <ClInclude Include="Task.h">
      <Filter>TaskManager</Filter>
    </ClInclude>
    <ClInclude Include="TaskAgent.h">
      <Filter>TaskManager</Filter>
    </ClInclude>
    <ClInclude Include="TaskManager.h">
      <Filter>TaskManager</Filter>
    </ClInclude>
    <ClInclude Include="Singleton.h">
      <Filter>Singleton</Filter>
    </ClInclude>
    <ClInclude Include="ConsolePrinter.h">
      <Filter>Logger</Filter>
    </ClInclude>
    <ClInclude Include="Exception.h">
      <Filter>Exception</Filter>
    </ClInclude>
    <ClInclude Include="ObjectPool.h">
      <Filter>ObjectPool</Filter>
    </ClInclude>
    <ClInclude Include="ObjectPoolTLS.h">
      <Filter>ObjectPool</Filter>
    </ClInclude>
    <ClInclude Include="CLockFreeQueue.h">
      <Filter>LockFreeAlgorithm</Filter>
    </ClInclude>
    <ClInclude Include="CLockFreeStack.h">
      <Filter>LockFreeAlgorithm</Filter>
    </ClInclude>
    <ClInclude Include="Property.h">
      <Filter>Property</Filter>
    </ClInclude>
    <ClInclude Include="time.h">
      <Filter>Timing</Filter>
    </ClInclude>
    <ClInclude Include="TypeCAS.h">
      <Filter>CompareAndSwap</Filter>
    </ClInclude>
    <ClInclude Include="foundation.h" />
    <ClInclude Include="RandomGenerator.h">
      <Filter>Random</Filter>
    </ClInclude>
    <ClInclude Include="Frame.h">
      <Filter>Timing</Filter>
    </ClInclude>
    <ClInclude Include="DeltaTime.h">
      <Filter>Timing</Filter>
    </ClInclude>
  </ItemGroup>
</Project>