<?xml version="1.0" encoding="utf-8"?>
<Project ToolsVersion="4.0" xmlns="http://schemas.microsoft.com/developer/msbuild/2003">
  <ItemGroup>
    <Filter Include="소스 파일">
      <UniqueIdentifier>{4FC737F1-C7A5-4376-A066-2A32D752A2FF}</UniqueIdentifier>
      <Extensions>cpp;c;cc;cxx;def;odl;idl;hpj;bat;asm;asmx</Extensions>
    </Filter>
    <Filter Include="헤더 파일">
      <UniqueIdentifier>{93995380-89BD-4b04-88EB-625FBE52EBFB}</UniqueIdentifier>
      <Extensions>h;hh;hpp;hxx;hm;inl;inc;ipp;xsd</Extensions>
    </Filter>
    <Filter Include="리소스 파일">
      <UniqueIdentifier>{67DA6AB6-F800-4c08-8B7A-83BB121AAD01}</UniqueIdentifier>
      <Extensions>rc;ico;cur;bmp;dlg;rc2;rct;bin;rgs;gif;jpg;jpeg;jpe;resx;tiff;tif;png;wav;mfcribbon-ms</Extensions>
    </Filter>
    <Filter Include="DateTime">
      <UniqueIdentifier>{ed080d61-6cdd-4380-b8b6-b7330ae41752}</UniqueIdentifier>
    </Filter>
    <Filter Include="Event">
      <UniqueIdentifier>{72beca7b-b3ae-46c3-b74e-81dbd5b37840}</UniqueIdentifier>
    </Filter>
    <Filter Include="Exception">
      <UniqueIdentifier>{a566322b-02e6-490c-9224-6abead256a8f}</UniqueIdentifier>
    </Filter>
    <Filter Include="Logger">
      <UniqueIdentifier>{205dcb7e-132d-4170-b7c5-8d661f2aa5af}</UniqueIdentifier>
    </Filter>
    <Filter Include="MiniDump">
      <UniqueIdentifier>{8ff36bfc-4a24-43da-921f-351bba9c95e8}</UniqueIdentifier>
    </Filter>
    <Filter Include="ObjectPool">
      <UniqueIdentifier>{d99c61a5-2af0-45e6-a1b4-bcdec88da178}</UniqueIdentifier>
    </Filter>
    <Filter Include="Singleton">
      <UniqueIdentifier>{3bb79fbe-b0cd-42ee-b604-11b4acd5b6d3}</UniqueIdentifier>
    </Filter>
    <Filter Include="TaskManager">
      <UniqueIdentifier>{58e06975-e7a5-4174-899e-e444e2112931}</UniqueIdentifier>
    </Filter>
    <Filter Include="Thread">
      <UniqueIdentifier>{2122fdf3-07cd-49a3-b3c9-7936418c06c4}</UniqueIdentifier>
    </Filter>
    <Filter Include="Environment">
      <UniqueIdentifier>{dd4e4fc3-df0c-45f7-bdb8-b91e5c65df59}</UniqueIdentifier>
    </Filter>
    <Filter Include="FileSystem">
      <UniqueIdentifier>{db775765-8027-4df3-83f7-44e94d6cc83f}</UniqueIdentifier>
    </Filter>
    <Filter Include="Processes">
      <UniqueIdentifier>{5d136d87-ffc1-4353-bb69-ffc99c0219a9}</UniqueIdentifier>
    </Filter>
  </ItemGroup>
  <ItemGroup>
    <ClCompile Include="foundation_test.cpp">
      <Filter>소스 파일</Filter>
    </ClCompile>
    <ClCompile Include="Thread.cpp">
      <Filter>Thread</Filter>
    </ClCompile>
    <ClCompile Include="Event.cpp">
      <Filter>Event</Filter>
    </ClCompile>
    <ClCompile Include="DateTime.cpp">
      <Filter>DateTime</Filter>
    </ClCompile>
    <ClCompile Include="Task.cpp">
      <Filter>TaskManager</Filter>
    </ClCompile>
    <ClCompile Include="TaskAgent.cpp">
      <Filter>TaskManager</Filter>
    </ClCompile>
    <ClCompile Include="TaskManager.cpp">
      <Filter>TaskManager</Filter>
    </ClCompile>
    <ClCompile Include="Singleton.hpp">
      <Filter>Singleton</Filter>
    </ClCompile>
    <ClCompile Include="MiniDump.hpp">
      <Filter>MiniDump</Filter>
    </ClCompile>
    <ClCompile Include="ConsolePrinter.hpp">
      <Filter>Logger</Filter>
    </ClCompile>
    <ClCompile Include="EnvironmentImpl.cpp">
      <Filter>Environment</Filter>
    </ClCompile>
    <ClCompile Include="Path.cpp">
      <Filter>FileSystem</Filter>
    </ClCompile>
    <ClCompile Include="PathImpl.cpp">
      <Filter>FileSystem</Filter>
    </ClCompile>
    <ClCompile Include="Pipe.cpp">
      <Filter>Processes</Filter>
    </ClCompile>
    <ClCompile Include="PipeImpl.cpp">
      <Filter>Processes</Filter>
    </ClCompile>
    <ClCompile Include="ProcessImpl.cpp">
      <Filter>Processes</Filter>
    </ClCompile>
  </ItemGroup>
  <ItemGroup>
    <ClInclude Include="foundation.h">
      <Filter>헤더 파일</Filter>
    </ClInclude>
    <ClInclude Include="Thread.h">
      <Filter>Thread</Filter>
    </ClInclude>
    <ClInclude Include="Event.h">
      <Filter>Event</Filter>
    </ClInclude>
    <ClInclude Include="MiniDump.h">
      <Filter>MiniDump</Filter>
    </ClInclude>
    <ClInclude Include="DateTime.h">
      <Filter>DateTime</Filter>
    </ClInclude>
    <ClInclude Include="Task.h">
      <Filter>TaskManager</Filter>
    </ClInclude>
    <ClInclude Include="TaskAgent.h">
      <Filter>TaskManager</Filter>
    </ClInclude>
    <ClInclude Include="TaskManager.h">
      <Filter>TaskManager</Filter>
    </ClInclude>
    <ClInclude Include="Singleton.h">
      <Filter>Singleton</Filter>
    </ClInclude>
    <ClInclude Include="ConsolePrinter.h">
      <Filter>Logger</Filter>
    </ClInclude>
    <ClInclude Include="Exception.h">
      <Filter>Exception</Filter>
    </ClInclude>
    <ClInclude Include="EnvironmentImpl.h">
      <Filter>Environment</Filter>
    </ClInclude>
    <ClInclude Include="Path.h">
      <Filter>FileSystem</Filter>
    </ClInclude>
    <ClInclude Include="PathImpl.h">
      <Filter>FileSystem</Filter>
    </ClInclude>
    <ClInclude Include="Pipe.h">
      <Filter>Processes</Filter>
    </ClInclude>
    <ClInclude Include="PipeImpl.h">
      <Filter>Processes</Filter>
    </ClInclude>
    <ClInclude Include="ProcessImpl.h">
      <Filter>Processes</Filter>
    </ClInclude>
    <ClInclude Include="ObjectPool.h">
      <Filter>ObjectPool</Filter>
    </ClInclude>
    <ClInclude Include="ObjectPoolTLS.h">
      <Filter>ObjectPool</Filter>
    </ClInclude>
  </ItemGroup>
</Project>