<?xml version="1.0" encoding="utf-8"?>
<Project ToolsVersion="4.0" xmlns="http://schemas.microsoft.com/developer/msbuild/2003">
  <ItemGroup>
    <Filter Include="소스 파일">
      <UniqueIdentifier>{4FC737F1-C7A5-4376-A066-2A32D752A2FF}</UniqueIdentifier>
      <Extensions>cpp;c;cc;cxx;def;odl;idl;hpj;bat;asm;asmx</Extensions>
    </Filter>
    <Filter Include="헤더 파일">
      <UniqueIdentifier>{93995380-89BD-4b04-88EB-625FBE52EBFB}</UniqueIdentifier>
      <Extensions>h;hh;hpp;hxx;hm;inl;inc;ipp;xsd</Extensions>
    </Filter>
    <Filter Include="리소스 파일">
      <UniqueIdentifier>{67DA6AB6-F800-4c08-8B7A-83BB121AAD01}</UniqueIdentifier>
      <Extensions>rc;ico;cur;bmp;dlg;rc2;rct;bin;rgs;gif;jpg;jpeg;jpe;resx;tiff;tif;png;wav;mfcribbon-ms</Extensions>
    </Filter>
    <Filter Include="Acceptor">
      <UniqueIdentifier>{2beea835-7492-498f-a59c-12ab76a28b9e}</UniqueIdentifier>
    </Filter>
    <Filter Include="Link">
      <UniqueIdentifier>{1984b906-a8d2-4bbc-95f0-e7e76a69bbff}</UniqueIdentifier>
    </Filter>
    <Filter Include="Connector">
      <UniqueIdentifier>{263a0d51-24ee-43b6-a12c-126f8e6b6036}</UniqueIdentifier>
    </Filter>
    <Filter Include="IOContextManage">
      <UniqueIdentifier>{7482c76f-03a2-4326-b39f-e4ef533da109}</UniqueIdentifier>
    </Filter>
    <Filter Include="Lookup">
      <UniqueIdentifier>{b700ce6d-ad2e-4459-99af-083ce57c4328}</UniqueIdentifier>
    </Filter>
    <Filter Include="Network">
      <UniqueIdentifier>{1b773fdd-af48-402c-8a1e-a6a449c9a639}</UniqueIdentifier>
    </Filter>
    <Filter Include="Server">
      <UniqueIdentifier>{91d73d19-3147-4b91-ba58-d76fe4b81bbb}</UniqueIdentifier>
    </Filter>
    <Filter Include="NetworkManager">
      <UniqueIdentifier>{9c4010cc-8c0c-4ee0-a080-ff360a04426b}</UniqueIdentifier>
    </Filter>
    <Filter Include="SocketUtil">
      <UniqueIdentifier>{674b8933-7730-4695-bc89-41dc609f71b9}</UniqueIdentifier>
    </Filter>
  </ItemGroup>
  <ItemGroup>
    <ClInclude Include="framework.h">
      <Filter>헤더 파일</Filter>
    </ClInclude>
    <ClInclude Include="pch.h">
      <Filter>헤더 파일</Filter>
    </ClInclude>
    <ClInclude Include="Acceptor.h">
      <Filter>Acceptor</Filter>
    </ClInclude>
    <ClInclude Include="HostNameLookup.h">
      <Filter>Lookup</Filter>
    </ClInclude>
    <ClInclude Include="Network.h">
      <Filter>Network</Filter>
    </ClInclude>
    <ClInclude Include="ServerHandle.h">
      <Filter>Server</Filter>
    </ClInclude>
    <ClInclude Include="LinkImpl.h">
      <Filter>Link</Filter>
    </ClInclude>
    <ClInclude Include="Link.h">
      <Filter>Link</Filter>
    </ClInclude>
    <ClInclude Include="ServiceListener.h">
      <Filter>IOContextManage</Filter>
    </ClInclude>
    <ClInclude Include="NetworkManager.h">
      <Filter>NetworkManager</Filter>
    </ClInclude>
    <ClInclude Include="SocketFunctionInvoker.h">
      <Filter>SocketUtil</Filter>
    </ClInclude>
    <ClInclude Include="SocketUtil.h">
      <Filter>SocketUtil</Filter>
    </ClInclude>
    <ClInclude Include="SocketIO.h">
      <Filter>SocketUtil</Filter>
    </ClInclude>
    <ClInclude Include="ServerHandleImpl.h">
      <Filter>Server</Filter>
    </ClInclude>
  </ItemGroup>
  <ItemGroup>
    <ClCompile Include="pch.cpp">
      <Filter>소스 파일</Filter>
    </ClCompile>
    <ClCompile Include="Acceptor.cpp">
      <Filter>Acceptor</Filter>
    </ClCompile>
    <ClCompile Include="HostNameLookup.cpp">
      <Filter>Lookup</Filter>
    </ClCompile>
    <ClCompile Include="LinkImpl.cpp">
      <Filter>Link</Filter>
    </ClCompile>
    <ClCompile Include="ServiceListener.cpp">
      <Filter>IOContextManage</Filter>
    </ClCompile>
    <ClCompile Include="Network.cpp">
      <Filter>Network</Filter>
    </ClCompile>
    <ClCompile Include="NetworkManager.cpp">
      <Filter>NetworkManager</Filter>
    </ClCompile>
    <ClCompile Include="ServerHandleImpl.cpp">
      <Filter>Server</Filter>
    </ClCompile>
  </ItemGroup>
</Project>