<?xml version="1.0" encoding="utf-8"?>
<Project ToolsVersion="4.0" xmlns="http://schemas.microsoft.com/developer/msbuild/2003">
  <ItemGroup>
    <ClCompile Include="Base Develop.cpp" />
    <ClCompile Include="Task.cpp">
      <Filter>ETC</Filter>
    </ClCompile>
    <ClCompile Include="TaskAgent.cpp">
      <Filter>ETC</Filter>
    </ClCompile>
    <ClCompile Include="TaskManager.cpp">
      <Filter>ETC</Filter>
    </ClCompile>
    <ClCompile Include="Thread.cpp">
      <Filter>ETC</Filter>
    </ClCompile>
    <ClCompile Include="stdafx.cpp" />
  </ItemGroup>
  <ItemGroup>
    <ClInclude Include="MemoryPoolTLS.h">
      <Filter>ETC</Filter>
    </ClInclude>
    <ClInclude Include="Task.h">
      <Filter>ETC</Filter>
    </ClInclude>
    <ClInclude Include="TaskAgent.h">
      <Filter>ETC</Filter>
    </ClInclude>
    <ClInclude Include="TaskManager.h">
      <Filter>ETC</Filter>
    </ClInclude>
    <ClInclude Include="Thread.h">
      <Filter>ETC</Filter>
    </ClInclude>
    <ClInclude Include="ThreadSafeQueue.h">
      <Filter>ETC</Filter>
    </ClInclude>
    <ClInclude Include="stdafx.h" />
    <ClInclude Include="targetver.h" />
    <ClInclude Include="ObjectPool.h">
      <Filter>ETC</Filter>
    </ClInclude>
  </ItemGroup>
  <ItemGroup>
    <Filter Include="ETC">
      <UniqueIdentifier>{46f2979c-cc48-4d99-8eec-1333b510957c}</UniqueIdentifier>
    </Filter>
  </ItemGroup>
</Project>