<?xml version="1.0" encoding="utf-8"?>
<Project ToolsVersion="4.0" xmlns="http://schemas.microsoft.com/developer/msbuild/2003">
  <ItemGroup>
    <Filter Include="Network">
      <UniqueIdentifier>{0ef56086-076c-43b6-a8cf-7029c7a3edc2}</UniqueIdentifier>
    </Filter>
    <Filter Include="Buffer">
      <UniqueIdentifier>{3db1388d-9739-454b-ba77-bdb52db7f25e}</UniqueIdentifier>
    </Filter>
    <Filter Include="Network\Socket">
      <UniqueIdentifier>{20af9719-a49f-4e7b-9506-58c226aef4e3}</UniqueIdentifier>
    </Filter>
    <Filter Include="Network\Session">
      <UniqueIdentifier>{6f529207-5f72-4233-814d-28c41aeffd91}</UniqueIdentifier>
    </Filter>
    <Filter Include="Network\Accepter">
      <UniqueIdentifier>{0b22f623-58d9-4a42-8a85-97d57945a99e}</UniqueIdentifier>
    </Filter>
    <Filter Include="Network\Connector">
      <UniqueIdentifier>{6c314715-dec9-4433-9a56-0a76037495dd}</UniqueIdentifier>
    </Filter>
    <Filter Include="Network\IOService">
      <UniqueIdentifier>{5fb66af9-e44f-4743-8c83-348f41705066}</UniqueIdentifier>
    </Filter>
    <Filter Include="Network\IOService\SelectIO">
      <UniqueIdentifier>{489d041d-d018-4799-82c8-d96ff54e5100}</UniqueIdentifier>
    </Filter>
    <Filter Include="Network\IOService\IOCP">
      <UniqueIdentifier>{15109465-6793-4f16-9885-61055f9dff18}</UniqueIdentifier>
    </Filter>
  </ItemGroup>
  <ItemGroup>
    <ClCompile Include="RingBuffer.cpp">
      <Filter>Buffer</Filter>
    </ClCompile>
    <ClCompile Include="StreamBuffer.cpp">
      <Filter>Buffer</Filter>
    </ClCompile>
    <ClCompile Include="Socket.cpp">
      <Filter>Network\Socket</Filter>
    </ClCompile>
    <ClCompile Include="SocketAddress.cpp">
      <Filter>Network\Socket</Filter>
    </ClCompile>
    <ClCompile Include="TcpSocket.cpp">
      <Filter>Network\Socket</Filter>
    </ClCompile>
    <ClCompile Include="UdpSocket.cpp">
      <Filter>Network\Socket</Filter>
    </ClCompile>
    <ClCompile Include="Session.cpp">
      <Filter>Network\Session</Filter>
    </ClCompile>
    <ClCompile Include="Acceptor.cpp">
      <Filter>Network\Accepter</Filter>
    </ClCompile>
    <ClCompile Include="Select.cpp">
      <Filter>Network\IOService\SelectIO</Filter>
    </ClCompile>
    <ClCompile Include="Connector.cpp">
      <Filter>Network\Connector</Filter>
    </ClCompile>
    <ClCompile Include="IOCPManager.cpp">
      <Filter>Network\IOService\IOCP</Filter>
    </ClCompile>
    <ClCompile Include="WorkerThread.cpp">
      <Filter>Network\IOService\IOCP</Filter>
    </ClCompile>
    <ClCompile Include="Network.cpp" />
    <ClCompile Include="SessionManager.cpp">
      <Filter>Network\Session</Filter>
    </ClCompile>
  </ItemGroup>
  <ItemGroup>
    <ClInclude Include="RingBuffer.h">
      <Filter>Buffer</Filter>
    </ClInclude>
    <ClInclude Include="StreamBuffer.h">
      <Filter>Buffer</Filter>
    </ClInclude>
    <ClInclude Include="Socket.h">
      <Filter>Network\Socket</Filter>
    </ClInclude>
    <ClInclude Include="SocketAddress.h">
      <Filter>Network\Socket</Filter>
    </ClInclude>
    <ClInclude Include="SocketAddressFactory.h">
      <Filter>Network\Socket</Filter>
    </ClInclude>
    <ClInclude Include="TcpSocket.h">
      <Filter>Network\Socket</Filter>
    </ClInclude>
    <ClInclude Include="UdpSocket.h">
      <Filter>Network\Socket</Filter>
    </ClInclude>
    <ClInclude Include="SocketUtil.h">
      <Filter>Network\Socket</Filter>
    </ClInclude>
    <ClInclude Include="Session.h">
      <Filter>Network\Session</Filter>
    </ClInclude>
    <ClInclude Include="Acceptor.h">
      <Filter>Network\Accepter</Filter>
    </ClInclude>
    <ClInclude Include="Select.h">
      <Filter>Network\IOService\SelectIO</Filter>
    </ClInclude>
    <ClInclude Include="Connector.h">
      <Filter>Network\Connector</Filter>
    </ClInclude>
    <ClInclude Include="IOCPManager.h">
      <Filter>Network\IOService\IOCP</Filter>
    </ClInclude>
    <ClInclude Include="WorkerThread.h">
      <Filter>Network\IOService\IOCP</Filter>
    </ClInclude>
    <ClInclude Include="Network.h" />
    <ClInclude Include="framework.h" />
    <ClInclude Include="SessionManager.h">
      <Filter>Network\Session</Filter>
    </ClInclude>
  </ItemGroup>
</Project>